
Microsoft Visual Studio Solution File, Format Version 12.00
# Visual Studio 15
VisualStudioVersion = 15.0.27703.2042
MinimumVisualStudioVersion = 10.0.40219.1
Project("{FAE04EC0-301F-11D3-BF4B-00C04F79EFBC}") = "ScaleImage.Android", "ScaleImage\ScaleImage.Android\ScaleImage.Android.csproj", "{B283D08B-C8AF-4571-B7C4-A0AA17C84262}"
EndProject
Project("{FAE04EC0-301F-11D3-BF4B-00C04F79EFBC}") = "ScaleImage.iOS", "ScaleImage\ScaleImage.iOS\ScaleImage.iOS.csproj", "{49032F28-F1B8-4B2F-92C7-87D0118A645A}"
EndProject
Project("{FAE04EC0-301F-11D3-BF4B-00C04F79EFBC}") = "ScaleImage", "ScaleImage\ScaleImage\ScaleImage.csproj", "{A04CBD1C-C477-415F-9286-4FE1256ABDC0}"
EndProject
Global
	GlobalSection(SolutionConfigurationPlatforms) = preSolution
		Ad-Hoc|Any CPU = Ad-Hoc|Any CPU
		Ad-Hoc|iPhone = Ad-Hoc|iPhone
		Ad-Hoc|iPhoneSimulator = Ad-Hoc|iPhoneSimulator
		AppStore|Any CPU = AppStore|Any CPU
		AppStore|iPhone = AppStore|iPhone
		AppStore|iPhoneSimulator = AppStore|iPhoneSimulator
		Debug|Any CPU = Debug|Any CPU
		Debug|iPhone = Debug|iPhone
		Debug|iPhoneSimulator = Debug|iPhoneSimulator
		Release|Any CPU = Release|Any CPU
		Release|iPhone = Release|iPhone
		Release|iPhoneSimulator = Release|iPhoneSimulator
	EndGlobalSection
	GlobalSection(ProjectConfigurationPlatforms) = postSolution
		{B283D08B-C8AF-4571-B7C4-A0AA17C84262}.Ad-Hoc|Any CPU.ActiveCfg = Release|Any CPU
		{B283D08B-C8AF-4571-B7C4-A0AA17C84262}.Ad-Hoc|Any CPU.Build.0 = Release|Any CPU
		{B283D08B-C8AF-4571-B7C4-A0AA17C84262}.Ad-Hoc|Any CPU.Deploy.0 = Release|Any CPU
		{B283D08B-C8AF-4571-B7C4-A0AA17C84262}.Ad-Hoc|iPhone.ActiveCfg = Release|Any CPU
		{B283D08B-C8AF-4571-B7C4-A0AA17C84262}.Ad-Hoc|iPhone.Build.0 = Release|Any CPU
		{B283D08B-C8AF-4571-B7C4-A0AA17C84262}.Ad-Hoc|iPhone.Deploy.0 = Release|Any CPU
		{B283D08B-C8AF-4571-B7C4-A0AA17C84262}.Ad-Hoc|iPhoneSimulator.ActiveCfg = Release|Any CPU
		{B283D08B-C8AF-4571-B7C4-A0AA17C84262}.Ad-Hoc|iPhoneSimulator.Build.0 = Release|Any CPU
		{B283D08B-C8AF-4571-B7C4-A0AA17C84262}.Ad-Hoc|iPhoneSimulator.Deploy.0 = Release|Any CPU
		{B283D08B-C8AF-4571-B7C4-A0AA17C84262}.AppStore|Any CPU.ActiveCfg = Release|Any CPU
		{B283D08B-C8AF-4571-B7C4-A0AA17C84262}.AppStore|Any CPU.Build.0 = Release|Any CPU
		{B283D08B-C8AF-4571-B7C4-A0AA17C84262}.AppStore|Any CPU.Deploy.0 = Release|Any CPU
		{B283D08B-C8AF-4571-B7C4-A0AA17C84262}.AppStore|iPhone.ActiveCfg = Release|Any CPU
		{B283D08B-C8AF-4571-B7C4-A0AA17C84262}.AppStore|iPhone.Build.0 = Release|Any CPU
		{B283D08B-C8AF-4571-B7C4-A0AA17C84262}.AppStore|iPhone.Deploy.0 = Release|Any CPU
		{B283D08B-C8AF-4571-B7C4-A0AA17C84262}.AppStore|iPhoneSimulator.ActiveCfg = Release|Any CPU
		{B283D08B-C8AF-4571-B7C4-A0AA17C84262}.AppStore|iPhoneSimulator.Build.0 = Release|Any CPU
		{B283D08B-C8AF-4571-B7C4-A0AA17C84262}.AppStore|iPhoneSimulator.Deploy.0 = Release|Any CPU
		{B283D08B-C8AF-4571-B7C4-A0AA17C84262}.Debug|Any CPU.ActiveCfg = Debug|Any CPU
		{B283D08B-C8AF-4571-B7C4-A0AA17C84262}.Debug|Any CPU.Build.0 = Debug|Any CPU
		{B283D08B-C8AF-4571-B7C4-A0AA17C84262}.Debug|Any CPU.Deploy.0 = Debug|Any CPU
		{B283D08B-C8AF-4571-B7C4-A0AA17C84262}.Debug|iPhone.ActiveCfg = Debug|Any CPU
		{B283D08B-C8AF-4571-B7C4-A0AA17C84262}.Debug|iPhone.Build.0 = Debug|Any CPU
		{B283D08B-C8AF-4571-B7C4-A0AA17C84262}.Debug|iPhone.Deploy.0 = Debug|Any CPU
		{B283D08B-C8AF-4571-B7C4-A0AA17C84262}.Debug|iPhoneSimulator.ActiveCfg = Debug|Any CPU
		{B283D08B-C8AF-4571-B7C4-A0AA17C84262}.Debug|iPhoneSimulator.Build.0 = Debug|Any CPU
		{B283D08B-C8AF-4571-B7C4-A0AA17C84262}.Debug|iPhoneSimulator.Deploy.0 = Debug|Any CPU
		{B283D08B-C8AF-4571-B7C4-A0AA17C84262}.Release|Any CPU.ActiveCfg = Release|Any CPU
		{B283D08B-C8AF-4571-B7C4-A0AA17C84262}.Release|Any CPU.Build.0 = Release|Any CPU
		{B283D08B-C8AF-4571-B7C4-A0AA17C84262}.Release|Any CPU.Deploy.0 = Release|Any CPU
		{B283D08B-C8AF-4571-B7C4-A0AA17C84262}.Release|iPhone.ActiveCfg = Release|Any CPU
		{B283D08B-C8AF-4571-B7C4-A0AA17C84262}.Release|iPhone.Build.0 = Release|Any CPU
		{B283D08B-C8AF-4571-B7C4-A0AA17C84262}.Release|iPhone.Deploy.0 = Release|Any CPU
		{B283D08B-C8AF-4571-B7C4-A0AA17C84262}.Release|iPhoneSimulator.ActiveCfg = Release|Any CPU
		{B283D08B-C8AF-4571-B7C4-A0AA17C84262}.Release|iPhoneSimulator.Build.0 = Release|Any CPU
		{B283D08B-C8AF-4571-B7C4-A0AA17C84262}.Release|iPhoneSimulator.Deploy.0 = Release|Any CPU
		{49032F28-F1B8-4B2F-92C7-87D0118A645A}.Ad-Hoc|Any CPU.ActiveCfg = Ad-Hoc|iPhone
		{49032F28-F1B8-4B2F-92C7-87D0118A645A}.Ad-Hoc|Any CPU.Build.0 = Ad-Hoc|iPhone
		{49032F28-F1B8-4B2F-92C7-87D0118A645A}.Ad-Hoc|Any CPU.Deploy.0 = Ad-Hoc|iPhone
		{49032F28-F1B8-4B2F-92C7-87D0118A645A}.Ad-Hoc|iPhone.ActiveCfg = Ad-Hoc|iPhone
		{49032F28-F1B8-4B2F-92C7-87D0118A645A}.Ad-Hoc|iPhone.Build.0 = Ad-Hoc|iPhone
		{49032F28-F1B8-4B2F-92C7-87D0118A645A}.Ad-Hoc|iPhone.Deploy.0 = Ad-Hoc|iPhone
		{49032F28-F1B8-4B2F-92C7-87D0118A645A}.Ad-Hoc|iPhoneSimulator.ActiveCfg = Ad-Hoc|iPhoneSimulator
		{49032F28-F1B8-4B2F-92C7-87D0118A645A}.Ad-Hoc|iPhoneSimulator.Build.0 = Ad-Hoc|iPhoneSimulator
		{49032F28-F1B8-4B2F-92C7-87D0118A645A}.Ad-Hoc|iPhoneSimulator.Deploy.0 = Ad-Hoc|iPhoneSimulator
		{49032F28-F1B8-4B2F-92C7-87D0118A645A}.AppStore|Any CPU.ActiveCfg = AppStore|iPhone
		{49032F28-F1B8-4B2F-92C7-87D0118A645A}.AppStore|Any CPU.Build.0 = AppStore|iPhone
		{49032F28-F1B8-4B2F-92C7-87D0118A645A}.AppStore|Any CPU.Deploy.0 = AppStore|iPhone
		{49032F28-F1B8-4B2F-92C7-87D0118A645A}.AppStore|iPhone.ActiveCfg = AppStore|iPhone
		{49032F28-F1B8-4B2F-92C7-87D0118A645A}.AppStore|iPhone.Build.0 = AppStore|iPhone
		{49032F28-F1B8-4B2F-92C7-87D0118A645A}.AppStore|iPhone.Deploy.0 = AppStore|iPhone
		{49032F28-F1B8-4B2F-92C7-87D0118A645A}.AppStore|iPhoneSimulator.ActiveCfg = AppStore|iPhoneSimulator
		{49032F28-F1B8-4B2F-92C7-87D0118A645A}.AppStore|iPhoneSimulator.Build.0 = AppStore|iPhoneSimulator
		{49032F28-F1B8-4B2F-92C7-87D0118A645A}.AppStore|iPhoneSimulator.Deploy.0 = AppStore|iPhoneSimulator
		{49032F28-F1B8-4B2F-92C7-87D0118A645A}.Debug|Any CPU.ActiveCfg = Debug|iPhoneSimulator
		{49032F28-F1B8-4B2F-92C7-87D0118A645A}.Debug|Any CPU.Build.0 = Debug|iPhoneSimulator
		{49032F28-F1B8-4B2F-92C7-87D0118A645A}.Debug|Any CPU.Deploy.0 = Debug|iPhoneSimulator
		{49032F28-F1B8-4B2F-92C7-87D0118A645A}.Debug|iPhone.ActiveCfg = Debug|iPhone
		{49032F28-F1B8-4B2F-92C7-87D0118A645A}.Debug|iPhone.Build.0 = Debug|iPhone
		{49032F28-F1B8-4B2F-92C7-87D0118A645A}.Debug|iPhone.Deploy.0 = Debug|iPhone
		{49032F28-F1B8-4B2F-92C7-87D0118A645A}.Debug|iPhoneSimulator.ActiveCfg = Debug|iPhoneSimulator
		{49032F28-F1B8-4B2F-92C7-87D0118A645A}.Debug|iPhoneSimulator.Build.0 = Debug|iPhoneSimulator
		{49032F28-F1B8-4B2F-92C7-87D0118A645A}.Debug|iPhoneSimulator.Deploy.0 = Debug|iPhoneSimulator
		{49032F28-F1B8-4B2F-92C7-87D0118A645A}.Release|Any CPU.ActiveCfg = Release|iPhone
		{49032F28-F1B8-4B2F-92C7-87D0118A645A}.Release|Any CPU.Build.0 = Release|iPhone
		{49032F28-F1B8-4B2F-92C7-87D0118A645A}.Release|Any CPU.Deploy.0 = Release|iPhone
		{49032F28-F1B8-4B2F-92C7-87D0118A645A}.Release|iPhone.ActiveCfg = Release|iPhone
		{49032F28-F1B8-4B2F-92C7-87D0118A645A}.Release|iPhone.Build.0 = Release|iPhone
		{49032F28-F1B8-4B2F-92C7-87D0118A645A}.Release|iPhone.Deploy.0 = Release|iPhone
		{49032F28-F1B8-4B2F-92C7-87D0118A645A}.Release|iPhoneSimulator.ActiveCfg = Release|iPhoneSimulator
		{49032F28-F1B8-4B2F-92C7-87D0118A645A}.Release|iPhoneSimulator.Build.0 = Release|iPhoneSimulator
		{49032F28-F1B8-4B2F-92C7-87D0118A645A}.Release|iPhoneSimulator.Deploy.0 = Release|iPhoneSimulator
		{A04CBD1C-C477-415F-9286-4FE1256ABDC0}.Ad-Hoc|Any CPU.ActiveCfg = Debug|Any CPU
		{A04CBD1C-C477-415F-9286-4FE1256ABDC0}.Ad-Hoc|Any CPU.Build.0 = Debug|Any CPU
		{A04CBD1C-C477-415F-9286-4FE1256ABDC0}.Ad-Hoc|Any CPU.Deploy.0 = Debug|Any CPU
		{A04CBD1C-C477-415F-9286-4FE1256ABDC0}.Ad-Hoc|iPhone.ActiveCfg = Debug|Any CPU
		{A04CBD1C-C477-415F-9286-4FE1256ABDC0}.Ad-Hoc|iPhone.Build.0 = Debug|Any CPU
		{A04CBD1C-C477-415F-9286-4FE1256ABDC0}.Ad-Hoc|iPhone.Deploy.0 = Debug|Any CPU
		{A04CBD1C-C477-415F-9286-4FE1256ABDC0}.Ad-Hoc|iPhoneSimulator.ActiveCfg = Debug|Any CPU
		{A04CBD1C-C477-415F-9286-4FE1256ABDC0}.Ad-Hoc|iPhoneSimulator.Build.0 = Debug|Any CPU
		{A04CBD1C-C477-415F-9286-4FE1256ABDC0}.Ad-Hoc|iPhoneSimulator.Deploy.0 = Debug|Any CPU
		{A04CBD1C-C477-415F-9286-4FE1256ABDC0}.AppStore|Any CPU.ActiveCfg = Debug|Any CPU
		{A04CBD1C-C477-415F-9286-4FE1256ABDC0}.AppStore|Any CPU.Build.0 = Debug|Any CPU
		{A04CBD1C-C477-415F-9286-4FE1256ABDC0}.AppStore|Any CPU.Deploy.0 = Debug|Any CPU
		{A04CBD1C-C477-415F-9286-4FE1256ABDC0}.AppStore|iPhone.ActiveCfg = Debug|Any CPU
		{A04CBD1C-C477-415F-9286-4FE1256ABDC0}.AppStore|iPhone.Build.0 = Debug|Any CPU
		{A04CBD1C-C477-415F-9286-4FE1256ABDC0}.AppStore|iPhone.Deploy.0 = Debug|Any CPU
		{A04CBD1C-C477-415F-9286-4FE1256ABDC0}.AppStore|iPhoneSimulator.ActiveCfg = Debug|Any CPU
		{A04CBD1C-C477-415F-9286-4FE1256ABDC0}.AppStore|iPhoneSimulator.Build.0 = Debug|Any CPU
		{A04CBD1C-C477-415F-9286-4FE1256ABDC0}.AppStore|iPhoneSimulator.Deploy.0 = Debug|Any CPU
		{A04CBD1C-C477-415F-9286-4FE1256ABDC0}.Debug|Any CPU.ActiveCfg = Debug|Any CPU
		{A04CBD1C-C477-415F-9286-4FE1256ABDC0}.Debug|Any CPU.Build.0 = Debug|Any CPU
		{A04CBD1C-C477-415F-9286-4FE1256ABDC0}.Debug|Any CPU.Deploy.0 = Debug|Any CPU
		{A04CBD1C-C477-415F-9286-4FE1256ABDC0}.Debug|iPhone.ActiveCfg = Debug|Any CPU
		{A04CBD1C-C477-415F-9286-4FE1256ABDC0}.Debug|iPhone.Build.0 = Debug|Any CPU
		{A04CBD1C-C477-415F-9286-4FE1256ABDC0}.Debug|iPhone.Deploy.0 = Debug|Any CPU
		{A04CBD1C-C477-415F-9286-4FE1256ABDC0}.Debug|iPhoneSimulator.ActiveCfg = Debug|Any CPU
		{A04CBD1C-C477-415F-9286-4FE1256ABDC0}.Debug|iPhoneSimulator.Build.0 = Debug|Any CPU
		{A04CBD1C-C477-415F-9286-4FE1256ABDC0}.Debug|iPhoneSimulator.Deploy.0 = Debug|Any CPU
		{A04CBD1C-C477-415F-9286-4FE1256ABDC0}.Release|Any CPU.ActiveCfg = Release|Any CPU
		{A04CBD1C-C477-415F-9286-4FE1256ABDC0}.Release|Any CPU.Build.0 = Release|Any CPU
		{A04CBD1C-C477-415F-9286-4FE1256ABDC0}.Release|Any CPU.Deploy.0 = Release|Any CPU
		{A04CBD1C-C477-415F-9286-4FE1256ABDC0}.Release|iPhone.ActiveCfg = Release|Any CPU
		{A04CBD1C-C477-415F-9286-4FE1256ABDC0}.Release|iPhone.Build.0 = Release|Any CPU
		{A04CBD1C-C477-415F-9286-4FE1256ABDC0}.Release|iPhone.Deploy.0 = Release|Any CPU
		{A04CBD1C-C477-415F-9286-4FE1256ABDC0}.Release|iPhoneSimulator.ActiveCfg = Release|Any CPU
		{A04CBD1C-C477-415F-9286-4FE1256ABDC0}.Release|iPhoneSimulator.Build.0 = Release|Any CPU
		{A04CBD1C-C477-415F-9286-4FE1256ABDC0}.Release|iPhoneSimulator.Deploy.0 = Release|Any CPU
	EndGlobalSection
	GlobalSection(SolutionProperties) = preSolution
		HideSolutionNode = FALSE
	EndGlobalSection
	GlobalSection(ExtensibilityGlobals) = postSolution
		SolutionGuid = {CF536B00-33DD-4ADD-9920-92F048BB3A82}
	EndGlobalSection
EndGlobal
